
Microsoft Visual Studio Solution File, Format Version 12.00
# Visual Studio 15
VisualStudioVersion = 15.0.27703.2035
MinimumVisualStudioVersion = 10.0.40219.1
Project("{9A19103F-16F7-4668-BE54-9A1E7A4F7556}") = "InventoryHelper", "InventoryHelper\InventoryHelper.csproj", "{50A13591-CA6C-43B1-A1E0-901AE6E59205}"
EndProject
Project("{9A19103F-16F7-4668-BE54-9A1E7A4F7556}") = "Model", "Model\Model.csproj", "{CECBE1E8-2F88-414A-8BEE-6B13EEDEC51C}"
EndProject
Project("{FAE04EC0-301F-11D3-BF4B-00C04F79EFBC}") = "Library", "Library\Library.csproj", "{A30496FC-746E-4F07-91EC-6D27FC86246B}"
EndProject
Global
	GlobalSection(SolutionConfigurationPlatforms) = preSolution
		Debug|Any CPU = Debug|Any CPU
		Release|Any CPU = Release|Any CPU
	EndGlobalSection
	GlobalSection(ProjectConfigurationPlatforms) = postSolution
		{50A13591-CA6C-43B1-A1E0-901AE6E59205}.Debug|Any CPU.ActiveCfg = Debug|Any CPU
		{50A13591-CA6C-43B1-A1E0-901AE6E59205}.Debug|Any CPU.Build.0 = Debug|Any CPU
		{50A13591-CA6C-43B1-A1E0-901AE6E59205}.Release|Any CPU.ActiveCfg = Release|Any CPU
		{50A13591-CA6C-43B1-A1E0-901AE6E59205}.Release|Any CPU.Build.0 = Release|Any CPU
		{CECBE1E8-2F88-414A-8BEE-6B13EEDEC51C}.Debug|Any CPU.ActiveCfg = Debug|Any CPU
		{CECBE1E8-2F88-414A-8BEE-6B13EEDEC51C}.Debug|Any CPU.Build.0 = Debug|Any CPU
		{CECBE1E8-2F88-414A-8BEE-6B13EEDEC51C}.Release|Any CPU.ActiveCfg = Release|Any CPU
		{CECBE1E8-2F88-414A-8BEE-6B13EEDEC51C}.Release|Any CPU.Build.0 = Release|Any CPU
		{A30496FC-746E-4F07-91EC-6D27FC86246B}.Debug|Any CPU.ActiveCfg = Debug|Any CPU
		{A30496FC-746E-4F07-91EC-6D27FC86246B}.Debug|Any CPU.Build.0 = Debug|Any CPU
		{A30496FC-746E-4F07-91EC-6D27FC86246B}.Release|Any CPU.ActiveCfg = Release|Any CPU
		{A30496FC-746E-4F07-91EC-6D27FC86246B}.Release|Any CPU.Build.0 = Release|Any CPU
	EndGlobalSection
	GlobalSection(SolutionProperties) = preSolution
		HideSolutionNode = FALSE
	EndGlobalSection
	GlobalSection(ExtensibilityGlobals) = postSolution
		SolutionGuid = {EB68F3C4-EA1D-4676-8FAE-680A2F511BBB}
	EndGlobalSection
EndGlobal
